
Microsoft Visual Studio Solution File, Format Version 12.00
# Visual Studio Version 16
VisualStudioVersion = 16.0.31019.35
MinimumVisualStudioVersion = 10.0.40219.1
Project("{FAE04EC0-301F-11D3-BF4B-00C04F79EFBC}") = "ProductionMonitoringV1", "ProductionMonitoringV1\ProductionMonitoringV1.csproj", "{33E06785-0FCC-448C-BD3B-0542DFC7C6D6}"
EndProject
Global
	GlobalSection(SolutionConfigurationPlatforms) = preSolution
		Debug|Any CPU = Debug|Any CPU
		Release|Any CPU = Release|Any CPU
	EndGlobalSection
	GlobalSection(ProjectConfigurationPlatforms) = postSolution
		{33E06785-0FCC-448C-BD3B-0542DFC7C6D6}.Debug|Any CPU.ActiveCfg = Debug|Any CPU
		{33E06785-0FCC-448C-BD3B-0542DFC7C6D6}.Debug|Any CPU.Build.0 = Debug|Any CPU
		{33E06785-0FCC-448C-BD3B-0542DFC7C6D6}.Release|Any CPU.ActiveCfg = Release|Any CPU
		{33E06785-0FCC-448C-BD3B-0542DFC7C6D6}.Release|Any CPU.Build.0 = Release|Any CPU
	EndGlobalSection
	GlobalSection(SolutionProperties) = preSolution
		HideSolutionNode = FALSE
	EndGlobalSection
	GlobalSection(ExtensibilityGlobals) = postSolution
		SolutionGuid = {2B9C7679-610A-49EA-9CB9-EED81DE039F0}
	EndGlobalSection
EndGlobal
